
Microsoft Visual Studio Solution File, Format Version 12.00
# Visual Studio 14
VisualStudioVersion = 14.0.25420.1
MinimumVisualStudioVersion = 10.0.40219.1
Project("{8BB2217D-0F2D-49D1-97BC-3654ED321F3B}") = "MeDaUmFilme.Api", "src\MeDaUmFilme.Api\MeDaUmFilme.Api.xproj", "{A0055591-8A4A-4BFA-B6D2-99F1AF4747A2}"
EndProject
Project("{2150E333-8FDC-42A3-9474-1A3956D46DE8}") = "Solution Items", "Solution Items", "{D9D7EB02-FCED-4ABE-A2A7-0EC8CABD9D3D}"
	ProjectSection(SolutionItems) = preProject
		.gitattributes = .gitattributes
		.gitignore = .gitignore
		global.json = global.json
		README.md = README.md
	EndProjectSection
EndProject
Project("{2150E333-8FDC-42A3-9474-1A3956D46DE8}") = "src", "src", "{9C189FAB-56FB-48A5-B8AA-DDD5FD00F10B}"
EndProject
Project("{8BB2217D-0F2D-49D1-97BC-3654ED321F3B}") = "MeDaUmFilme.Consulta", "src\MeDaUmFilme.Consulta\MeDaUmFilme.Consulta.xproj", "{0C0269F6-FB8B-42DD-955A-46C46F1BEF90}"
EndProject
Project("{2150E333-8FDC-42A3-9474-1A3956D46DE8}") = "test", "test", "{3432027E-5CE3-473E-9A23-3CBFAA8BBBCA}"
EndProject
Project("{8BB2217D-0F2D-49D1-97BC-3654ED321F3B}") = "MeDaUmFilme.UnitTests", "test\MeDaUmFilme.UnitTests\MeDaUmFilme.UnitTests.xproj", "{F575DC83-A987-4708-B602-F979E08363E6}"
EndProject
Project("{8BB2217D-0F2D-49D1-97BC-3654ED321F3B}") = "MeDaUmFilme.Language", "src\MeDaUmFilme.Language\MeDaUmFilme.Language.xproj", "{079779C6-A689-4B73-A48C-30D522670F1F}"
EndProject
Project("{8BB2217D-0F2D-49D1-97BC-3654ED321F3B}") = "MeDaUmFilme.Twitter", "src\MeDaUmFilme.Twitter\MeDaUmFilme.Twitter.xproj", "{1A7B9781-D4FC-425F-B959-C66CAAE8451B}"
EndProject
Global
	GlobalSection(SolutionConfigurationPlatforms) = preSolution
		Debug|Any CPU = Debug|Any CPU
		Release|Any CPU = Release|Any CPU
	EndGlobalSection
	GlobalSection(ProjectConfigurationPlatforms) = postSolution
		{A0055591-8A4A-4BFA-B6D2-99F1AF4747A2}.Debug|Any CPU.ActiveCfg = Debug|Any CPU
		{A0055591-8A4A-4BFA-B6D2-99F1AF4747A2}.Debug|Any CPU.Build.0 = Debug|Any CPU
		{A0055591-8A4A-4BFA-B6D2-99F1AF4747A2}.Release|Any CPU.ActiveCfg = Release|Any CPU
		{A0055591-8A4A-4BFA-B6D2-99F1AF4747A2}.Release|Any CPU.Build.0 = Release|Any CPU
		{0C0269F6-FB8B-42DD-955A-46C46F1BEF90}.Debug|Any CPU.ActiveCfg = Debug|Any CPU
		{0C0269F6-FB8B-42DD-955A-46C46F1BEF90}.Debug|Any CPU.Build.0 = Debug|Any CPU
		{0C0269F6-FB8B-42DD-955A-46C46F1BEF90}.Release|Any CPU.ActiveCfg = Release|Any CPU
		{0C0269F6-FB8B-42DD-955A-46C46F1BEF90}.Release|Any CPU.Build.0 = Release|Any CPU
		{F575DC83-A987-4708-B602-F979E08363E6}.Debug|Any CPU.ActiveCfg = Debug|Any CPU
		{F575DC83-A987-4708-B602-F979E08363E6}.Debug|Any CPU.Build.0 = Debug|Any CPU
		{F575DC83-A987-4708-B602-F979E08363E6}.Release|Any CPU.ActiveCfg = Release|Any CPU
		{F575DC83-A987-4708-B602-F979E08363E6}.Release|Any CPU.Build.0 = Release|Any CPU
		{079779C6-A689-4B73-A48C-30D522670F1F}.Debug|Any CPU.ActiveCfg = Debug|Any CPU
		{079779C6-A689-4B73-A48C-30D522670F1F}.Debug|Any CPU.Build.0 = Debug|Any CPU
		{079779C6-A689-4B73-A48C-30D522670F1F}.Release|Any CPU.ActiveCfg = Release|Any CPU
		{079779C6-A689-4B73-A48C-30D522670F1F}.Release|Any CPU.Build.0 = Release|Any CPU
		{1A7B9781-D4FC-425F-B959-C66CAAE8451B}.Debug|Any CPU.ActiveCfg = Debug|Any CPU
		{1A7B9781-D4FC-425F-B959-C66CAAE8451B}.Debug|Any CPU.Build.0 = Debug|Any CPU
		{1A7B9781-D4FC-425F-B959-C66CAAE8451B}.Release|Any CPU.ActiveCfg = Release|Any CPU
		{1A7B9781-D4FC-425F-B959-C66CAAE8451B}.Release|Any CPU.Build.0 = Release|Any CPU
	EndGlobalSection
	GlobalSection(SolutionProperties) = preSolution
		HideSolutionNode = FALSE
	EndGlobalSection
	GlobalSection(NestedProjects) = preSolution
		{A0055591-8A4A-4BFA-B6D2-99F1AF4747A2} = {9C189FAB-56FB-48A5-B8AA-DDD5FD00F10B}
		{0C0269F6-FB8B-42DD-955A-46C46F1BEF90} = {9C189FAB-56FB-48A5-B8AA-DDD5FD00F10B}
		{F575DC83-A987-4708-B602-F979E08363E6} = {3432027E-5CE3-473E-9A23-3CBFAA8BBBCA}
		{079779C6-A689-4B73-A48C-30D522670F1F} = {9C189FAB-56FB-48A5-B8AA-DDD5FD00F10B}
		{1A7B9781-D4FC-425F-B959-C66CAAE8451B} = {9C189FAB-56FB-48A5-B8AA-DDD5FD00F10B}
	EndGlobalSection
EndGlobal
